
Microsoft Visual Studio Solution File, Format Version 12.00
# Visual Studio Version 16
VisualStudioVersion = 16.0.29503.13
MinimumVisualStudioVersion = 10.0.40219.1
Project("{FAE04EC0-301F-11D3-BF4B-00C04F79EFBC}") = "Bookstore.Domain", "Bookstore.Domain\Bookstore.Domain.csproj", "{5F23CC47-7E49-4E45-BCAA-E1CD127BF474}"
EndProject
Global
	GlobalSection(SolutionConfigurationPlatforms) = preSolution
		Debug|Any CPU = Debug|Any CPU
		Release|Any CPU = Release|Any CPU
	EndGlobalSection
	GlobalSection(ProjectConfigurationPlatforms) = postSolution
		{5F23CC47-7E49-4E45-BCAA-E1CD127BF474}.Debug|Any CPU.ActiveCfg = Debug|Any CPU
		{5F23CC47-7E49-4E45-BCAA-E1CD127BF474}.Debug|Any CPU.Build.0 = Debug|Any CPU
		{5F23CC47-7E49-4E45-BCAA-E1CD127BF474}.Release|Any CPU.ActiveCfg = Release|Any CPU
		{5F23CC47-7E49-4E45-BCAA-E1CD127BF474}.Release|Any CPU.Build.0 = Release|Any CPU
	EndGlobalSection
	GlobalSection(SolutionProperties) = preSolution
		HideSolutionNode = FALSE
	EndGlobalSection
	GlobalSection(ExtensibilityGlobals) = postSolution
		SolutionGuid = {280BDEC5-7352-4B75-9E4A-46FF27B3A8A3}
	EndGlobalSection
EndGlobal
